
Microsoft Visual Studio Solution File, Format Version 12.00
# Visual Studio Version 17
VisualStudioVersion = 17.7.34221.43
MinimumVisualStudioVersion = 10.0.40219.1
Project("{8BC9CEB8-8B4A-11D0-8D11-00A0C91BC942}") = "Ruins of Noatak", "Ruins of Noatak.vcxproj", "{035A6699-015C-422E-98E8-C77D3906FE07}"
EndProject
Global
	GlobalSection(SolutionConfigurationPlatforms) = preSolution
		Debug|x64 = Debug|x64
		Debug|x86 = Debug|x86
		Release|x64 = Release|x64
		Release|x86 = Release|x86
	EndGlobalSection
	GlobalSection(ProjectConfigurationPlatforms) = postSolution
		{035A6699-015C-422E-98E8-C77D3906FE07}.Debug|x64.ActiveCfg = Debug|x64
		{035A6699-015C-422E-98E8-C77D3906FE07}.Debug|x64.Build.0 = Debug|x64
		{035A6699-015C-422E-98E8-C77D3906FE07}.Debug|x86.ActiveCfg = Debug|Win32
		{035A6699-015C-422E-98E8-C77D3906FE07}.Debug|x86.Build.0 = Debug|Win32
		{035A6699-015C-422E-98E8-C77D3906FE07}.Release|x64.ActiveCfg = Release|x64
		{035A6699-015C-422E-98E8-C77D3906FE07}.Release|x64.Build.0 = Release|x64
		{035A6699-015C-422E-98E8-C77D3906FE07}.Release|x86.ActiveCfg = Release|Win32
		{035A6699-015C-422E-98E8-C77D3906FE07}.Release|x86.Build.0 = Release|Win32
	EndGlobalSection
	GlobalSection(SolutionProperties) = preSolution
		HideSolutionNode = FALSE
	EndGlobalSection
	GlobalSection(ExtensibilityGlobals) = postSolution
		SolutionGuid = {75BAB277-D241-412D-973F-48F297ED71C9}
	EndGlobalSection
EndGlobal
